Microsoft Visual Studio Solution File, Format Version 12.00
# Visual Studio Version 17
VisualStudioVersion = 17.5.2.0
MinimumVisualStudioVersion = 10.0.40219.1
Project("{FAE04EC0-301F-11D3-BF4B-00C04F79EFBC}") = "InterfaceAnimes", "InterfaceAnimes\InterfaceAnimes.csproj", "{AED7044D-E185-C357-49CA-D8ED3570DDDD}"
EndProject
Global
	GlobalSection(SolutionConfigurationPlatforms) = preSolution
		Debug|Any CPU = Debug|Any CPU
		Release|Any CPU = Release|Any CPU
	EndGlobalSection
	GlobalSection(ProjectConfigurationPlatforms) = postSolution
		{AED7044D-E185-C357-49CA-D8ED3570DDDD}.Debug|Any CPU.ActiveCfg = Debug|Any CPU
		{AED7044D-E185-C357-49CA-D8ED3570DDDD}.Debug|Any CPU.Build.0 = Debug|Any CPU
		{AED7044D-E185-C357-49CA-D8ED3570DDDD}.Release|Any CPU.ActiveCfg = Release|Any CPU
		{AED7044D-E185-C357-49CA-D8ED3570DDDD}.Release|Any CPU.Build.0 = Release|Any CPU
	EndGlobalSection
	GlobalSection(SolutionProperties) = preSolution
		HideSolutionNode = FALSE
	EndGlobalSection
	GlobalSection(ExtensibilityGlobals) = postSolution
		SolutionGuid = {8AE1A22C-1529-41E8-860E-2A77E16EE57F}
	EndGlobalSection
EndGlobal
